// !$*UTF8*$!
{
	archiveVersion = 1;
	classes = {
	};
	objectVersion = 46;
	objects = {

/* Begin PBXFileReference section */
		F042956C17944BFE001DAF44 /* test.py */ = {isa = PBXFileReference; fileEncoding = 4; lastKnownFileType = text.script.python; path = test.py; sourceTree = "<group>"; };
		F042956D17944CF8001DAF44 /* bubblesort-whilefor.py */ = {isa = PBXFileReference; fileEncoding = 4; lastKnownFileType = text.script.python; path = "bubblesort-whilefor.py"; sourceTree = "<group>"; };
		F042957B179452DF001DAF44 /* bubblesort2.py */ = {isa = PBXFileReference; fileEncoding = 4; lastKnownFileType = text.script.python; path = bubblesort2.py; sourceTree = "<group>"; };
		F042957C1794934B001DAF44 /* bubblesort3.py */ = {isa = PBXFileReference; fileEncoding = 4; lastKnownFileType = text.script.python; path = bubblesort3.py; sourceTree = "<group>"; };
		F042957D1794D267001DAF44 /* bubblesort-forfor.py */ = {isa = PBXFileReference; fileEncoding = 4; lastKnownFileType = text.script.python; path = "bubblesort-forfor.py"; sourceTree = "<group>"; };
		F042957E1794DBBB001DAF44 /* bubblesort-whilewhile.py */ = {isa = PBXFileReference; fileEncoding = 4; lastKnownFileType = text.script.python; path = "bubblesort-whilewhile.py"; sourceTree = "<group>"; };
		F042957F17959C5F001DAF44 /* bubblesort-whilewhileORIG.py */ = {isa = PBXFileReference; fileEncoding = 4; lastKnownFileType = text.script.python; path = "bubblesort-whilewhileORIG.py"; sourceTree = "<group>"; };
		F04295821795E50C001DAF44 /* bubblesort-whilewhile2.py */ = {isa = PBXFileReference; fileEncoding = 4; lastKnownFileType = text.script.python; path = "bubblesort-whilewhile2.py"; sourceTree = "<group>"; };
		F042958317963F1A001DAF44 /* bubblesort-final.py */ = {isa = PBXFileReference; fileEncoding = 4; lastKnownFileType = text.script.python; path = "bubblesort-final.py"; sourceTree = "<group>"; };
		F0F4067F17BD74B20063BBCE /* randomMem.py */ = {isa = PBXFileReference; fileEncoding = 4; lastKnownFileType = text.script.python; path = randomMem.py; sourceTree = "<group>"; };
/* End PBXFileReference section */

/* Begin PBXGroup section */
		F042956117944B43001DAF44 = {
			isa = PBXGroup;
			children = (
				F0F4067F17BD74B20063BBCE /* randomMem.py */,
				F042958317963F1A001DAF44 /* bubblesort-final.py */,
				F04295821795E50C001DAF44 /* bubblesort-whilewhile2.py */,
				F042957E1794DBBB001DAF44 /* bubblesort-whilewhile.py */,
				F042957F17959C5F001DAF44 /* bubblesort-whilewhileORIG.py */,
				F042957D1794D267001DAF44 /* bubblesort-forfor.py */,
				F042957C1794934B001DAF44 /* bubblesort3.py */,
				F042957B179452DF001DAF44 /* bubblesort2.py */,
				F042956D17944CF8001DAF44 /* bubblesort-whilefor.py */,
				F042956C17944BFE001DAF44 /* test.py */,
			);
			sourceTree = "<group>";
		};
/* End PBXGroup section */

/* Begin PBXLegacyTarget section */
		F042956617944B43001DAF44 /* TestingPython */ = {
			isa = PBXLegacyTarget;
			buildArgumentsString = "$(ACTION)";
			buildConfigurationList = F042956917944B43001DAF44 /* Build configuration list for PBXLegacyTarget "TestingPython" */;
			buildPhases = (
			);
			buildToolPath = /usr/bin/python;
			dependencies = (
			);
			name = TestingPython;
			passBuildSettingsInEnvironment = 1;
			productName = TestingPython;
		};
/* End PBXLegacyTarget section */

/* Begin PBXProject section */
		F042956217944B43001DAF44 /* Project object */ = {
			isa = PBXProject;
			attributes = {
				LastUpgradeCheck = 0460;
				ORGANIZATIONNAME = "Jonya Chen";
			};
			buildConfigurationList = F042956517944B43001DAF44 /* Build configuration list for PBXProject "TestingPython" */;
			compatibilityVersion = "Xcode 3.2";
			developmentRegion = English;
			hasScannedForEncodings = 0;
			knownRegions = (
				en,
			);
			mainGroup = F042956117944B43001DAF44;
			projectDirPath = "";
			projectRoot = "";
			targets = (
				F042956617944B43001DAF44 /* TestingPython */,
			);
		};
/* End PBXProject section */

/* Begin XCBuildConfiguration section */
		F042956717944B43001DAF44 /* Debug */ = {
			isa = XCBuildConfiguration;
			buildSettings = {
				ALWAYS_SEARCH_USER_PATHS = NO;
				ARCHS = "$(ARCHS_STANDARD_64_BIT)";
				CLANG_CXX_LANGUAGE_STANDARD = "gnu++0x";
				CLANG_CXX_LIBRARY = "libc++";
				CLANG_WARN_CONSTANT_CONVERSION = YES;
				CLANG_WARN_EMPTY_BODY = YES;
				CLANG_WARN_ENUM_CONVERSION = YES;
				CLANG_WARN_INT_CONVERSION = YES;
				CLANG_WARN__DUPLICATE_METHOD_MATCH = YES;
				COPY_PHASE_STRIP = NO;
				GCC_C_LANGUAGE_STANDARD = gnu99;
				GCC_DYNAMIC_NO_PIC = NO;
				GCC_ENABLE_OBJC_EXCEPTIONS = YES;
				GCC_OPTIMIZATION_LEVEL = 0;
				GCC_PREPROCESSOR_DEFINITIONS = (
					"DEBUG=1",
					"$(inherited)",
				);
				GCC_SYMBOLS_PRIVATE_EXTERN = NO;
				GCC_WARN_64_TO_32_BIT_CONVERSION = YES;
				GCC_WARN_ABOUT_RETURN_TYPE = YES;
				GCC_WARN_UNINITIALIZED_AUTOS = YES;
				GCC_WARN_UNUSED_VARIABLE = YES;
				MACOSX_DEPLOYMENT_TARGET = 10.8;
				ONLY_ACTIVE_ARCH = YES;
				SDKROOT = macosx;
			};
			name = Debug;
		};
		F042956817944B43001DAF44 /* Release */ = {
			isa = XCBuildConfiguration;
			buildSettings = {
				ALWAYS_SEARCH_USER_PATHS = NO;
				ARCHS = "$(ARCHS_STANDARD_64_BIT)";
				CLANG_CXX_LANGUAGE_STANDARD = "gnu++0x";
				CLANG_CXX_LIBRARY = "libc++";
				CLANG_WARN_CONSTANT_CONVERSION = YES;
				CLANG_WARN_EMPTY_BODY = YES;
				CLANG_WARN_ENUM_CONVERSION = YES;
				CLANG_WARN_INT_CONVERSION = YES;
				CLANG_WARN__DUPLICATE_METHOD_MATCH = YES;
				COPY_PHASE_STRIP = YES;
				DEBUG_INFORMATION_FORMAT = "dwarf-with-dsym";
				GCC_C_LANGUAGE_STANDARD = gnu99;
				GCC_ENABLE_OBJC_EXCEPTIONS = YES;
				GCC_WARN_64_TO_32_BIT_CONVERSION = YES;
				GCC_WARN_ABOUT_RETURN_TYPE = YES;
				GCC_WARN_UNINITIALIZED_AUTOS = YES;
				GCC_WARN_UNUSED_VARIABLE = YES;
				MACOSX_DEPLOYMENT_TARGET = 10.8;
				SDKROOT = macosx;
			};
			name = Release;
		};
		F042956A17944B43001DAF44 /* Debug */ = {
			isa = XCBuildConfiguration;
			buildSettings = {
				DEBUGGING_SYMBOLS = YES;
				GCC_GENERATE_DEBUGGING_SYMBOLS = YES;
				GCC_OPTIMIZATION_LEVEL = 0;
				OTHER_CFLAGS = "";
				OTHER_LDFLAGS = "";
				PRODUCT_NAME = "$(TARGET_NAME)";
			};
			name = Debug;
		};
		F042956B17944B43001DAF44 /* Release */ = {
			isa = XCBuildConfiguration;
			buildSettings = {
				OTHER_CFLAGS = "";
				OTHER_LDFLAGS = "";
				PRODUCT_NAME = "$(TARGET_NAME)";
			};
			name = Release;
		};
/* End XCBuildConfiguration section */

/* Begin XCConfigurationList section */
		F042956517944B43001DAF44 /* Build configuration list for PBXProject "TestingPython" */ = {
			isa = XCConfigurationList;
			buildConfigurations = (
				F042956717944B43001DAF44 /* Debug */,
				F042956817944B43001DAF44 /* Release */,
			);
			defaultConfigurationIsVisible = 0;
			defaultConfigurationName = Release;
		};
		F042956917944B43001DAF44 /* Build configuration list for PBXLegacyTarget "TestingPython" */ = {
			isa = XCConfigurationList;
			buildConfigurations = (
				F042956A17944B43001DAF44 /* Debug */,
				F042956B17944B43001DAF44 /* Release */,
			);
			defaultConfigurationIsVisible = 0;
			defaultConfigurationName = Release;
		};
/* End XCConfigurationList section */
	};
	rootObject = F042956217944B43001DAF44 /* Project object */;
}
